
Microsoft Visual Studio Solution File, Format Version 12.00
# Visual Studio Version 17
VisualStudioVersion = 17.9.34728.123
MinimumVisualStudioVersion = 10.0.40219.1
Project("{FAE04EC0-301F-11D3-BF4B-00C04F79EFBC}") = "AuthenticationAppC#", "AuthenticationAppC#\AuthenticationAppC#.csproj", "{C918500F-6007-496A-A687-CD13D8C1768F}"
EndProject
Global
	GlobalSection(SolutionConfigurationPlatforms) = preSolution
		Debug|Any CPU = Debug|Any CPU
		Release|Any CPU = Release|Any CPU
	EndGlobalSection
	GlobalSection(ProjectConfigurationPlatforms) = postSolution
		{C918500F-6007-496A-A687-CD13D8C1768F}.Debug|Any CPU.ActiveCfg = Debug|Any CPU
		{C918500F-6007-496A-A687-CD13D8C1768F}.Debug|Any CPU.Build.0 = Debug|Any CPU
		{C918500F-6007-496A-A687-CD13D8C1768F}.Release|Any CPU.ActiveCfg = Release|Any CPU
		{C918500F-6007-496A-A687-CD13D8C1768F}.Release|Any CPU.Build.0 = Release|Any CPU
	EndGlobalSection
	GlobalSection(SolutionProperties) = preSolution
		HideSolutionNode = FALSE
	EndGlobalSection
	GlobalSection(ExtensibilityGlobals) = postSolution
		SolutionGuid = {ED452928-3308-4A6C-AD7F-55AFF3F21373}
	EndGlobalSection
EndGlobal
